// !$*UTF8*$!
{
	archiveVersion = 1;
	classes = {
	};
	objectVersion = 51;
	objects = {

/* Begin PBXBuildFile section */
		2E23B7B25B5269B32B7FF856 /* Pods_Weather.framework in Frameworks */ = {isa = PBXBuildFile; fileRef = BD72DB4D9D28794CA58A7AC3 /* Pods_Weather.framework */; };
		746090B92357271E00D13B8A /* AppDelegate.swift in Sources */ = {isa = PBXBuildFile; fileRef = 746090B82357271E00D13B8A /* AppDelegate.swift */; };
		746090BB2357271E00D13B8A /* SceneDelegate.swift in Sources */ = {isa = PBXBuildFile; fileRef = 746090BA2357271E00D13B8A /* SceneDelegate.swift */; };
		746090C02357271E00D13B8A /* Main.storyboard in Resources */ = {isa = PBXBuildFile; fileRef = 746090BE2357271E00D13B8A /* Main.storyboard */; };
		746090C22357271F00D13B8A /* Assets.xcassets in Resources */ = {isa = PBXBuildFile; fileRef = 746090C12357271F00D13B8A /* Assets.xcassets */; };
		746090C52357271F00D13B8A /* LaunchScreen.storyboard in Resources */ = {isa = PBXBuildFile; fileRef = 746090C32357271F00D13B8A /* LaunchScreen.storyboard */; };
		746090CD235727A000D13B8A /* MainViewController.swift in Sources */ = {isa = PBXBuildFile; fileRef = 746090CC235727A000D13B8A /* MainViewController.swift */; };
		746090CF23572BAB00D13B8A /* CustomTableViewCell.swift in Sources */ = {isa = PBXBuildFile; fileRef = 746090CE23572BAB00D13B8A /* CustomTableViewCell.swift */; };
		746090D1235741B600D13B8A /* WeatherModel.swift in Sources */ = {isa = PBXBuildFile; fileRef = 746090D0235741B600D13B8A /* WeatherModel.swift */; };
		746090D3235749D300D13B8A /* NewCityViewController.swift in Sources */ = {isa = PBXBuildFile; fileRef = 746090D2235749D300D13B8A /* NewCityViewController.swift */; };
		746090D523576F5700D13B8A /* StorageManager.swift in Sources */ = {isa = PBXBuildFile; fileRef = 746090D423576F5700D13B8A /* StorageManager.swift */; };
/* End PBXBuildFile section */

/* Begin PBXFileReference section */
		1228D2747D2ACDA217A763D2 /* Pods-Weather.release.xcconfig */ = {isa = PBXFileReference; includeInIndex = 1; lastKnownFileType = text.xcconfig; name = "Pods-Weather.release.xcconfig"; path = "Target Support Files/Pods-Weather/Pods-Weather.release.xcconfig"; sourceTree = "<group>"; };
		746090B52357271E00D13B8A /* Weather.app */ = {isa = PBXFileReference; explicitFileType = wrapper.application; includeInIndex = 0; path = Weather.app; sourceTree = BUILT_PRODUCTS_DIR; };
		746090B82357271E00D13B8A /* AppDelegate.swift */ = {isa = PBXFileReference; lastKnownFileType = sourcecode.swift; path = AppDelegate.swift; sourceTree = "<group>"; };
		746090BA2357271E00D13B8A /* SceneDelegate.swift */ = {isa = PBXFileReference; lastKnownFileType = sourcecode.swift; path = SceneDelegate.swift; sourceTree = "<group>"; };
		746090BF2357271E00D13B8A /* Base */ = {isa = PBXFileReference; lastKnownFileType = file.storyboard; name = Base; path = Base.lproj/Main.storyboard; sourceTree = "<group>"; };
		746090C12357271F00D13B8A /* Assets.xcassets */ = {isa = PBXFileReference; lastKnownFileType = folder.assetcatalog; path = Assets.xcassets; sourceTree = "<group>"; };
		746090C42357271F00D13B8A /* Base */ = {isa = PBXFileReference; lastKnownFileType = file.storyboard; name = Base; path = Base.lproj/LaunchScreen.storyboard; sourceTree = "<group>"; };
		746090C62357271F00D13B8A /* Info.plist */ = {isa = PBXFileReference; lastKnownFileType = text.plist.xml; path = Info.plist; sourceTree = "<group>"; };
		746090CC235727A000D13B8A /* MainViewController.swift */ = {isa = PBXFileReference; lastKnownFileType = sourcecode.swift; path = MainViewController.swift; sourceTree = "<group>"; };
		746090CE23572BAB00D13B8A /* CustomTableViewCell.swift */ = {isa = PBXFileReference; lastKnownFileType = sourcecode.swift; path = CustomTableViewCell.swift; sourceTree = "<group>"; };
		746090D0235741B600D13B8A /* WeatherModel.swift */ = {isa = PBXFileReference; lastKnownFileType = sourcecode.swift; path = WeatherModel.swift; sourceTree = "<group>"; };
		746090D2235749D300D13B8A /* NewCityViewController.swift */ = {isa = PBXFileReference; lastKnownFileType = sourcecode.swift; path = NewCityViewController.swift; sourceTree = "<group>"; };
		746090D423576F5700D13B8A /* StorageManager.swift */ = {isa = PBXFileReference; lastKnownFileType = sourcecode.swift; path = StorageManager.swift; sourceTree = "<group>"; };
		BD3D6B25850DA4E24EE7EB82 /* Pods-Weather.debug.xcconfig */ = {isa = PBXFileReference; includeInIndex = 1; lastKnownFileType = text.xcconfig; name = "Pods-Weather.debug.xcconfig"; path = "Target Support Files/Pods-Weather/Pods-Weather.debug.xcconfig"; sourceTree = "<group>"; };
		BD72DB4D9D28794CA58A7AC3 /* Pods_Weather.framework */ = {isa = PBXFileReference; explicitFileType = wrapper.framework; includeInIndex = 0; path = Pods_Weather.framework; sourceTree = BUILT_PRODUCTS_DIR; };
/* End PBXFileReference section */

/* Begin PBXFrameworksBuildPhase section */
		746090B22357271E00D13B8A /* Frameworks */ = {
			isa = PBXFrameworksBuildPhase;
			buildActionMask = 2147483647;
			files = (
				2E23B7B25B5269B32B7FF856 /* Pods_Weather.framework in Frameworks */,
			);
			runOnlyForDeploymentPostprocessing = 0;
		};
/* End PBXFrameworksBuildPhase section */

/* Begin PBXGroup section */
		31548AA5D97534247F52A66B /* Pods */ = {
			isa = PBXGroup;
			children = (
				BD3D6B25850DA4E24EE7EB82 /* Pods-Weather.debug.xcconfig */,
				1228D2747D2ACDA217A763D2 /* Pods-Weather.release.xcconfig */,
			);
			path = Pods;
			sourceTree = "<group>";
		};
		746090AC2357271E00D13B8A = {
			isa = PBXGroup;
			children = (
				746090B72357271E00D13B8A /* Weather */,
				746090B62357271E00D13B8A /* Products */,
				31548AA5D97534247F52A66B /* Pods */,
				7CEF3114AE9A752B37C96A85 /* Frameworks */,
			);
			sourceTree = "<group>";
		};
		746090B62357271E00D13B8A /* Products */ = {
			isa = PBXGroup;
			children = (
				746090B52357271E00D13B8A /* Weather.app */,
			);
			name = Products;
			sourceTree = "<group>";
		};
		746090B72357271E00D13B8A /* Weather */ = {
			isa = PBXGroup;
			children = (
				746090B82357271E00D13B8A /* AppDelegate.swift */,
				746090BA2357271E00D13B8A /* SceneDelegate.swift */,
				746090CC235727A000D13B8A /* MainViewController.swift */,
				746090D0235741B600D13B8A /* WeatherModel.swift */,
				746090D423576F5700D13B8A /* StorageManager.swift */,
				746090CE23572BAB00D13B8A /* CustomTableViewCell.swift */,
				746090BE2357271E00D13B8A /* Main.storyboard */,
				746090D2235749D300D13B8A /* NewCityViewController.swift */,
				746090C12357271F00D13B8A /* Assets.xcassets */,
				746090C32357271F00D13B8A /* LaunchScreen.storyboard */,
				746090C62357271F00D13B8A /* Info.plist */,
			);
			path = Weather;
			sourceTree = "<group>";
		};
		7CEF3114AE9A752B37C96A85 /* Frameworks */ = {
			isa = PBXGroup;
			children = (
				BD72DB4D9D28794CA58A7AC3 /* Pods_Weather.framework */,
			);
			name = Frameworks;
			sourceTree = "<group>";
		};
/* End PBXGroup section */

/* Begin PBXNativeTarget section */
		746090B42357271E00D13B8A /* Weather */ = {
			isa = PBXNativeTarget;
			buildConfigurationList = 746090C92357271F00D13B8A /* Build configuration list for PBXNativeTarget "Weather" */;
			buildPhases = (
				AA86D308522CECE801FC0CCB /* [CP] Check Pods Manifest.lock */,
				746090B12357271E00D13B8A /* Sources */,
				746090B22357271E00D13B8A /* Frameworks */,
				746090B32357271E00D13B8A /* Resources */,
				EA8985D527750F8C877ED342 /* [CP] Embed Pods Frameworks */,
			);
			buildRules = (
			);
			dependencies = (
			);
			name = Weather;
			productName = Weather;
			productReference = 746090B52357271E00D13B8A /* Weather.app */;
			productType = "com.apple.product-type.application";
		};
/* End PBXNativeTarget section */

/* Begin PBXProject section */
		746090AD2357271E00D13B8A /* Project object */ = {
			isa = PBXProject;
			attributes = {
				LastSwiftUpdateCheck = 1110;
				LastUpgradeCheck = 1110;
				ORGANIZATIONNAME = Macbook;
				TargetAttributes = {
					746090B42357271E00D13B8A = {
						CreatedOnToolsVersion = 11.1;
					};
				};
			};
			buildConfigurationList = 746090B02357271E00D13B8A /* Build configuration list for PBXProject "Weather" */;
			compatibilityVersion = "Xcode 9.3";
			developmentRegion = en;
			hasScannedForEncodings = 0;
			knownRegions = (
				en,
				Base,
			);
			mainGroup = 746090AC2357271E00D13B8A;
			productRefGroup = 746090B62357271E00D13B8A /* Products */;
			projectDirPath = "";
			projectRoot = "";
			targets = (
				746090B42357271E00D13B8A /* Weather */,
			);
		};
/* End PBXProject section */

/* Begin PBXResourcesBuildPhase section */
		746090B32357271E00D13B8A /* Resources */ = {
			isa = PBXResourcesBuildPhase;
			buildActionMask = 2147483647;
			files = (
				746090C52357271F00D13B8A /* LaunchScreen.storyboard in Resources */,
				746090C22357271F00D13B8A /* Assets.xcassets in Resources */,
				746090C02357271E00D13B8A /* Main.storyboard in Resources */,
			);
			runOnlyForDeploymentPostprocessing = 0;
		};
/* End PBXResourcesBuildPhase section */

/* Begin PBXShellScriptBuildPhase section */
		AA86D308522CECE801FC0CCB /* [CP] Check Pods Manifest.lock */ = {
			isa = PBXShellScriptBuildPhase;
			buildActionMask = 2147483647;
			files = (
			);
			inputFileListPaths = (
			);
			inputPaths = (
				"${PODS_PODFILE_DIR_PATH}/Podfile.lock",
				"${PODS_ROOT}/Manifest.lock",
			);
			name = "[CP] Check Pods Manifest.lock";
			outputFileListPaths = (
			);
			outputPaths = (
				"$(DERIVED_FILE_DIR)/Pods-Weather-checkManifestLockResult.txt",
			);
			runOnlyForDeploymentPostprocessing = 0;
			shellPath = /bin/sh;
			shellScript = "diff \"${PODS_PODFILE_DIR_PATH}/Podfile.lock\" \"${PODS_ROOT}/Manifest.lock\" > /dev/null\nif [ $? != 0 ] ; then\n    # print error to STDERR\n    echo \"error: The sandbox is not in sync with the Podfile.lock. Run 'pod install' or update your CocoaPods installation.\" >&2\n    exit 1\nfi\n# This output is used by Xcode 'outputs' to avoid re-running this script phase.\necho \"SUCCESS\" > \"${SCRIPT_OUTPUT_FILE_0}\"\n";
			showEnvVarsInLog = 0;
		};
		EA8985D527750F8C877ED342 /* [CP] Embed Pods Frameworks */ = {
			isa = PBXShellScriptBuildPhase;
			buildActionMask = 2147483647;
			files = (
			);
			inputFileListPaths = (
				"${PODS_ROOT}/Target Support Files/Pods-Weather/Pods-Weather-frameworks-${CONFIGURATION}-input-files.xcfilelist",
			);
			name = "[CP] Embed Pods Frameworks";
			outputFileListPaths = (
				"${PODS_ROOT}/Target Support Files/Pods-Weather/Pods-Weather-frameworks-${CONFIGURATION}-output-files.xcfilelist",
			);
			runOnlyForDeploymentPostprocessing = 0;
			shellPath = /bin/sh;
			shellScript = "\"${PODS_ROOT}/Target Support Files/Pods-Weather/Pods-Weather-frameworks.sh\"\n";
			showEnvVarsInLog = 0;
		};
/* End PBXShellScriptBuildPhase section */

/* Begin PBXSourcesBuildPhase section */
		746090B12357271E00D13B8A /* Sources */ = {
			isa = PBXSourcesBuildPhase;
			buildActionMask = 2147483647;
			files = (
				746090CD235727A000D13B8A /* MainViewController.swift in Sources */,
				746090B92357271E00D13B8A /* AppDelegate.swift in Sources */,
				746090CF23572BAB00D13B8A /* CustomTableViewCell.swift in Sources */,
				746090D523576F5700D13B8A /* StorageManager.swift in Sources */,
				746090BB2357271E00D13B8A /* SceneDelegate.swift in Sources */,
				746090D3235749D300D13B8A /* NewCityViewController.swift in Sources */,
				746090D1235741B600D13B8A /* WeatherModel.swift in Sources */,
			);
			runOnlyForDeploymentPostprocessing = 0;
		};
/* End PBXSourcesBuildPhase section */

/* Begin PBXVariantGroup section */
		746090BE2357271E00D13B8A /* Main.storyboard */ = {
			isa = PBXVariantGroup;
			children = (
				746090BF2357271E00D13B8A /* Base */,
			);
			name = Main.storyboard;
			sourceTree = "<group>";
		};
		746090C32357271F00D13B8A /* LaunchScreen.storyboard */ = {
			isa = PBXVariantGroup;
			children = (
				746090C42357271F00D13B8A /* Base */,
			);
			name = LaunchScreen.storyboard;
			sourceTree = "<group>";
		};
/* End PBXVariantGroup section */

/* Begin XCBuildConfiguration section */
		746090C72357271F00D13B8A /* Debug */ = {
			isa = XCBuildConfiguration;
			buildSettings = {
				ALWAYS_SEARCH_USER_PATHS = NO;
				CLANG_ANALYZER_NONNULL = YES;
				CLANG_ANALYZER_NUMBER_OBJECT_CONVERSION = YES_AGGRESSIVE;
				CLANG_CXX_LANGUAGE_STANDARD = "gnu++14";
				CLANG_CXX_LIBRARY = "libc++";
				CLANG_ENABLE_MODULES = YES;
				CLANG_ENABLE_OBJC_ARC = YES;
				CLANG_ENABLE_OBJC_WEAK = YES;
				CLANG_WARN_BLOCK_CAPTURE_AUTORELEASING = YES;
				CLANG_WARN_BOOL_CONVERSION = YES;
				CLANG_WARN_COMMA = YES;
				CLANG_WARN_CONSTANT_CONVERSION = YES;
				CLANG_WARN_DEPRECATED_OBJC_IMPLEMENTATIONS = YES;
				CLANG_WARN_DIRECT_OBJC_ISA_USAGE = YES_ERROR;
				CLANG_WARN_DOCUMENTATION_COMMENTS = YES;
				CLANG_WARN_EMPTY_BODY = YES;
				CLANG_WARN_ENUM_CONVERSION = YES;
				CLANG_WARN_INFINITE_RECURSION = YES;
				CLANG_WARN_INT_CONVERSION = YES;
				CLANG_WARN_NON_LITERAL_NULL_CONVERSION = YES;
				CLANG_WARN_OBJC_IMPLICIT_RETAIN_SELF = YES;
				CLANG_WARN_OBJC_LITERAL_CONVERSION = YES;
				CLANG_WARN_OBJC_ROOT_CLASS = YES_ERROR;
				CLANG_WARN_RANGE_LOOP_ANALYSIS = YES;
				CLANG_WARN_STRICT_PROTOTYPES = YES;
				CLANG_WARN_SUSPICIOUS_MOVE = YES;
				CLANG_WARN_UNGUARDED_AVAILABILITY = YES_AGGRESSIVE;
				CLANG_WARN_UNREACHABLE_CODE = YES;
				CLANG_WARN__DUPLICATE_METHOD_MATCH = YES;
				COPY_PHASE_STRIP = NO;
				DEBUG_INFORMATION_FORMAT = dwarf;
				ENABLE_STRICT_OBJC_MSGSEND = YES;
				ENABLE_TESTABILITY = YES;
				GCC_C_LANGUAGE_STANDARD = gnu11;
				GCC_DYNAMIC_NO_PIC = NO;
				GCC_NO_COMMON_BLOCKS = YES;
				GCC_OPTIMIZATION_LEVEL = 0;
				GCC_PREPROCESSOR_DEFINITIONS = (
					"DEBUG=1",
					"$(inherited)",
				);
				GCC_WARN_64_TO_32_BIT_CONVERSION = YES;
				GCC_WARN_ABOUT_RETURN_TYPE = YES_ERROR;
				GCC_WARN_UNDECLARED_SELECTOR = YES;
				GCC_WARN_UNINITIALIZED_AUTOS = YES_AGGRESSIVE;
				GCC_WARN_UNUSED_FUNCTION = YES;
				GCC_WARN_UNUSED_VARIABLE = YES;
				IPHONEOS_DEPLOYMENT_TARGET = 13.1;
				MTL_ENABLE_DEBUG_INFO = INCLUDE_SOURCE;
				MTL_FAST_MATH = YES;
				ONLY_ACTIVE_ARCH = YES;
				SDKROOT = iphoneos;
				SWIFT_ACTIVE_COMPILATION_CONDITIONS = DEBUG;
				SWIFT_OPTIMIZATION_LEVEL = "-Onone";
			};
			name = Debug;
		};
		746090C82357271F00D13B8A /* Release */ = {
			isa = XCBuildConfiguration;
			buildSettings = {
				ALWAYS_SEARCH_USER_PATHS = NO;
				CLANG_ANALYZER_NONNULL = YES;
				CLANG_ANALYZER_NUMBER_OBJECT_CONVERSION = YES_AGGRESSIVE;
				CLANG_CXX_LANGUAGE_STANDARD = "gnu++14";
				CLANG_CXX_LIBRARY = "libc++";
				CLANG_ENABLE_MODULES = YES;
				CLANG_ENABLE_OBJC_ARC = YES;
				CLANG_ENABLE_OBJC_WEAK = YES;
				CLANG_WARN_BLOCK_CAPTURE_AUTORELEASING = YES;
				CLANG_WARN_BOOL_CONVERSION = YES;
				CLANG_WARN_COMMA = YES;
				CLANG_WARN_CONSTANT_CONVERSION = YES;
				CLANG_WARN_DEPRECATED_OBJC_IMPLEMENTATIONS = YES;
				CLANG_WARN_DIRECT_OBJC_ISA_USAGE = YES_ERROR;
				CLANG_WARN_DOCUMENTATION_COMMENTS = YES;
				CLANG_WARN_EMPTY_BODY = YES;
				CLANG_WARN_ENUM_CONVERSION = YES;
				CLANG_WARN_INFINITE_RECURSION = YES;
				CLANG_WARN_INT_CONVERSION = YES;
				CLANG_WARN_NON_LITERAL_NULL_CONVERSION = YES;
				CLANG_WARN_OBJC_IMPLICIT_RETAIN_SELF = YES;
				CLANG_WARN_OBJC_LITERAL_CONVERSION = YES;
				CLANG_WARN_OBJC_ROOT_CLASS = YES_ERROR;
				CLANG_WARN_RANGE_LOOP_ANALYSIS = YES;
				CLANG_WARN_STRICT_PROTOTYPES = YES;
				CLANG_WARN_SUSPICIOUS_MOVE = YES;
				CLANG_WARN_UNGUARDED_AVAILABILITY = YES_AGGRESSIVE;
				CLANG_WARN_UNREACHABLE_CODE = YES;
				CLANG_WARN__DUPLICATE_METHOD_MATCH = YES;
				COPY_PHASE_STRIP = NO;
				DEBUG_INFORMATION_FORMAT = "dwarf-with-dsym";
				ENABLE_NS_ASSERTIONS = NO;
				ENABLE_STRICT_OBJC_MSGSEND = YES;
				GCC_C_LANGUAGE_STANDARD = gnu11;
				GCC_NO_COMMON_BLOCKS = YES;
				GCC_WARN_64_TO_32_BIT_CONVERSION = YES;
				GCC_WARN_ABOUT_RETURN_TYPE = YES_ERROR;
				GCC_WARN_UNDECLARED_SELECTOR = YES;
				GCC_WARN_UNINITIALIZED_AUTOS = YES_AGGRESSIVE;
				GCC_WARN_UNUSED_FUNCTION = YES;
				GCC_WARN_UNUSED_VARIABLE = YES;
				IPHONEOS_DEPLOYMENT_TARGET = 13.1;
				MTL_ENABLE_DEBUG_INFO = NO;
				MTL_FAST_MATH = YES;
				SDKROOT = iphoneos;
				SWIFT_COMPILATION_MODE = wholemodule;
				SWIFT_OPTIMIZATION_LEVEL = "-O";
				VALIDATE_PRODUCT = YES;
			};
			name = Release;
		};
		746090CA2357271F00D13B8A /* Debug */ = {
			isa = XCBuildConfiguration;
			baseConfigurationReference = BD3D6B25850DA4E24EE7EB82 /* Pods-Weather.debug.xcconfig */;
			buildSettings = {
				ASSETCATALOG_COMPILER_APPICON_NAME = AppIcon;
				CODE_SIGN_STYLE = Automatic;
				DEVELOPMENT_TEAM = T2PZDAQ64B;
				INFOPLIST_FILE = Weather/Info.plist;
				LD_RUNPATH_SEARCH_PATHS = (
					"$(inherited)",
					"@executable_path/Frameworks",
				);
				PRODUCT_BUNDLE_IDENTIFIER = ILD.Weather;
				PRODUCT_NAME = "$(TARGET_NAME)";
				SWIFT_VERSION = 5.0;
				TARGETED_DEVICE_FAMILY = "1,2";
			};
			name = Debug;
		};
		746090CB2357271F00D13B8A /* Release */ = {
			isa = XCBuildConfiguration;
			baseConfigurationReference = 1228D2747D2ACDA217A763D2 /* Pods-Weather.release.xcconfig */;
			buildSettings = {
				ASSETCATALOG_COMPILER_APPICON_NAME = AppIcon;
				CODE_SIGN_STYLE = Automatic;
				DEVELOPMENT_TEAM = T2PZDAQ64B;
				INFOPLIST_FILE = Weather/Info.plist;
				LD_RUNPATH_SEARCH_PATHS = (
					"$(inherited)",
					"@executable_path/Frameworks",
				);
				PRODUCT_BUNDLE_IDENTIFIER = ILD.Weather;
				PRODUCT_NAME = "$(TARGET_NAME)";
				SWIFT_VERSION = 5.0;
				TARGETED_DEVICE_FAMILY = "1,2";
			};
			name = Release;
		};
/* End XCBuildConfiguration section */

/* Begin XCConfigurationList section */
		746090B02357271E00D13B8A /* Build configuration list for PBXProject "Weather" */ = {
			isa = XCConfigurationList;
			buildConfigurations = (
				746090C72357271F00D13B8A /* Debug */,
				746090C82357271F00D13B8A /* Release */,
			);
			defaultConfigurationIsVisible = 0;
			defaultConfigurationName = Release;
		};
		746090C92357271F00D13B8A /* Build configuration list for PBXNativeTarget "Weather" */ = {
			isa = XCConfigurationList;
			buildConfigurations = (
				746090CA2357271F00D13B8A /* Debug */,
				746090CB2357271F00D13B8A /* Release */,
			);
			defaultConfigurationIsVisible = 0;
			defaultConfigurationName = Release;
		};
/* End XCConfigurationList section */
	};
	rootObject = 746090AD2357271E00D13B8A /* Project object */;
}
